
Microsoft Visual Studio Solution File, Format Version 12.00
# Visual Studio Version 16
VisualStudioVersion = 16.0.32228.343
MinimumVisualStudioVersion = 10.0.40219.1
Project("{FAE04EC0-301F-11D3-BF4B-00C04F79EFBC}") = "sNanoDumpInject", "sNanoDumpInject.csproj", "{70FC7FDF-5303-4BA7-8AA7-3414FF1C3A57}"
EndProject
Global
	GlobalSection(SolutionConfigurationPlatforms) = preSolution
		Debug|Any CPU = Debug|Any CPU
		Release|Any CPU = Release|Any CPU
	EndGlobalSection
	GlobalSection(ProjectConfigurationPlatforms) = postSolution
		{70FC7FDF-5303-4BA7-8AA7-3414FF1C3A57}.Debug|Any CPU.ActiveCfg = Debug|Any CPU
		{70FC7FDF-5303-4BA7-8AA7-3414FF1C3A57}.Debug|Any CPU.Build.0 = Debug|Any CPU
		{70FC7FDF-5303-4BA7-8AA7-3414FF1C3A57}.Release|Any CPU.ActiveCfg = Release|Any CPU
		{70FC7FDF-5303-4BA7-8AA7-3414FF1C3A57}.Release|Any CPU.Build.0 = Release|Any CPU
	EndGlobalSection
	GlobalSection(SolutionProperties) = preSolution
		HideSolutionNode = FALSE
	EndGlobalSection
	GlobalSection(ExtensibilityGlobals) = postSolution
		SolutionGuid = {BBB0A634-2385-4138-867F-A76CFF3473C3}
	EndGlobalSection
EndGlobal
